
Microsoft Visual Studio Solution File, Format Version 12.00
# Visual Studio 15
Project("{FAE04EC0-301F-11D3-BF4B-00C04F79EFBC}") = "Assembly-CSharp", "Assembly-CSharp.csproj", "{F71A7470-8B14-907D-CCC7-4D64D6247189}"
EndProject
Global
	GlobalSection(SolutionConfigurationPlatforms) = preSolution
		Debug|Any CPU = Debug|Any CPU
		Release|Any CPU = Release|Any CPU
	EndGlobalSection
	GlobalSection(ProjectConfigurationPlatforms) = postSolution
		{F71A7470-8B14-907D-CCC7-4D64D6247189}.Debug|Any CPU.ActiveCfg = Debug|Any CPU
		{F71A7470-8B14-907D-CCC7-4D64D6247189}.Debug|Any CPU.Build.0 = Debug|Any CPU
		{F71A7470-8B14-907D-CCC7-4D64D6247189}.Release|Any CPU.ActiveCfg = Release|Any CPU
		{F71A7470-8B14-907D-CCC7-4D64D6247189}.Release|Any CPU.Build.0 = Release|Any CPU
	EndGlobalSection
	GlobalSection(SolutionProperties) = preSolution
		HideSolutionNode = FALSE
	EndGlobalSection
EndGlobal
